// !$*UTF8*$!
{
	archiveVersion = 1;
	classes = {
	};
	objectVersion = 51;
	objects = {

/* Begin PBXBuildFile section */
		08FAC983A95CF27C08596B87 /* Pods_miniMeeting.framework in Frameworks */ = {isa = PBXBuildFile; fileRef = EF277A3147A6198906082625 /* Pods_miniMeeting.framework */; };
		1E1172E225DE887C00CC0DCB /* miniCard.swift in Sources */ = {isa = PBXBuildFile; fileRef = 1E1172E125DE887C00CC0DCB /* miniCard.swift */; };
		1E13BA7225ED9EB300D2F1B1 /* miniCardTest.swift in Sources */ = {isa = PBXBuildFile; fileRef = 1E13BA7125ED9EB300D2F1B1 /* miniCardTest.swift */; };
		1E13BA7625EDA5A700D2F1B1 /* miniCardTestTwo.swift in Sources */ = {isa = PBXBuildFile; fileRef = 1E13BA7525EDA5A700D2F1B1 /* miniCardTestTwo.swift */; };
		1E21BC0E25DE8E4A00170C9E /* GoogleService-Info.plist in Resources */ = {isa = PBXBuildFile; fileRef = 1E21BC0D25DE8E4A00170C9E /* GoogleService-Info.plist */; };
		1E44258C25E9C8C700102B88 /* miniEventDetailView.swift in Sources */ = {isa = PBXBuildFile; fileRef = 1E44258B25E9C8C700102B88 /* miniEventDetailView.swift */; };
		1E4AC7B825F18E3A002AB11A /* miniCategoryHeader.swift in Sources */ = {isa = PBXBuildFile; fileRef = 1E4AC7B725F18E3A002AB11A /* miniCategoryHeader.swift */; };
		1E61D74525DDECC80047B1C8 /* miniMeetingApp.swift in Sources */ = {isa = PBXBuildFile; fileRef = 1E61D74425DDECC80047B1C8 /* miniMeetingApp.swift */; };
		1E61D74725DDECC80047B1C8 /* ContentView.swift in Sources */ = {isa = PBXBuildFile; fileRef = 1E61D74625DDECC80047B1C8 /* ContentView.swift */; };
		1E61D74925DDECC90047B1C8 /* Assets.xcassets in Resources */ = {isa = PBXBuildFile; fileRef = 1E61D74825DDECC90047B1C8 /* Assets.xcassets */; };
		1E61D74C25DDECC90047B1C8 /* Preview Assets.xcassets in Resources */ = {isa = PBXBuildFile; fileRef = 1E61D74B25DDECC90047B1C8 /* Preview Assets.xcassets */; };
		1E61D75525DDED570047B1C8 /* Event.swift in Sources */ = {isa = PBXBuildFile; fileRef = 1E61D75425DDED570047B1C8 /* Event.swift */; };
		1E76C42B25E1976D00074FD4 /* miniColorPicker.swift in Sources */ = {isa = PBXBuildFile; fileRef = 1E76C42A25E1976D00074FD4 /* miniColorPicker.swift */; };
		1E76C42F25E1D9D500074FD4 /* miniSettings.swift in Sources */ = {isa = PBXBuildFile; fileRef = 1E76C42E25E1D9D500074FD4 /* miniSettings.swift */; };
		1E7AEF1525F2B8E400698353 /* miniCategoryDetailView.swift in Sources */ = {isa = PBXBuildFile; fileRef = 1E7AEF1425F2B8E400698353 /* miniCategoryDetailView.swift */; };
		1E860FCF25DEAEC1007A3A67 /* EventCellViewModel.swift in Sources */ = {isa = PBXBuildFile; fileRef = 1E860FCE25DEAEC1007A3A67 /* EventCellViewModel.swift */; };
		1E860FD225DEC995007A3A67 /* EventListViewModel.swift in Sources */ = {isa = PBXBuildFile; fileRef = 1E860FD125DEC995007A3A67 /* EventListViewModel.swift */; };
		1E860FD925DED05E007A3A67 /* miniEventFormView.swift in Sources */ = {isa = PBXBuildFile; fileRef = 1E860FD825DED05E007A3A67 /* miniEventFormView.swift */; };
		1EA1C99825EA595400C2C0F2 /* Category.swift in Sources */ = {isa = PBXBuildFile; fileRef = 1EA1C99725EA595400C2C0F2 /* Category.swift */; };
		1EA1C99C25EA59BD00C2C0F2 /* CategoryRepository.swift in Sources */ = {isa = PBXBuildFile; fileRef = 1EA1C99B25EA59BD00C2C0F2 /* CategoryRepository.swift */; };
		1EA1C9A025EA5B9C00C2C0F2 /* CategoryViewModel.swift in Sources */ = {isa = PBXBuildFile; fileRef = 1EA1C99F25EA5B9C00C2C0F2 /* CategoryViewModel.swift */; };
		1EA1C9A425EA5CB900C2C0F2 /* miniCategoryFormView.swift in Sources */ = {isa = PBXBuildFile; fileRef = 1EA1C9A325EA5CB900C2C0F2 /* miniCategoryFormView.swift */; };
		1EB486E525DEE755003EE2D3 /* EventRepository.swift in Sources */ = {isa = PBXBuildFile; fileRef = 1EB486E425DEE755003EE2D3 /* EventRepository.swift */; };
		1EB486E925DEEB5F003EE2D3 /* codableColor.swift in Sources */ = {isa = PBXBuildFile; fileRef = 1EB486E825DEEB5F003EE2D3 /* codableColor.swift */; };
		1EB486ED25DFDC5F003EE2D3 /* miniSectionHeader.swift in Sources */ = {isa = PBXBuildFile; fileRef = 1EB486EC25DFDC5F003EE2D3 /* miniSectionHeader.swift */; };
		1EB486F025DFEF21003EE2D3 /* NumberTextField.swift in Sources */ = {isa = PBXBuildFile; fileRef = 1EB486EF25DFEF21003EE2D3 /* NumberTextField.swift */; };
		1EB52C4425E01F100014DBCC /* WidgetKit.framework in Frameworks */ = {isa = PBXBuildFile; fileRef = 1EB52C4325E01F100014DBCC /* WidgetKit.framework */; };
		1EB52C4625E01F100014DBCC /* SwiftUI.framework in Frameworks */ = {isa = PBXBuildFile; fileRef = 1EB52C4525E01F100014DBCC /* SwiftUI.framework */; };
		1EB52C4925E01F100014DBCC /* miniMeetingWidget.swift in Sources */ = {isa = PBXBuildFile; fileRef = 1EB52C4825E01F100014DBCC /* miniMeetingWidget.swift */; };
		1EB52C4B25E01F130014DBCC /* Assets.xcassets in Resources */ = {isa = PBXBuildFile; fileRef = 1EB52C4A25E01F130014DBCC /* Assets.xcassets */; };
		1EB52C4F25E01F130014DBCC /* miniMeetingWidgetExtension.appex in Embed App Extensions */ = {isa = PBXBuildFile; fileRef = 1EB52C4225E01F100014DBCC /* miniMeetingWidgetExtension.appex */; settings = {ATTRIBUTES = (RemoveHeadersOnCopy, ); }; };
		1EBB645A25F25F5200D52104 /* newContentView.swift in Sources */ = {isa = PBXBuildFile; fileRef = 1EBB645925F25F5200D52104 /* newContentView.swift */; };
		1EBB646225F264E800D52104 /* miniEmojiPicker.swift in Sources */ = {isa = PBXBuildFile; fileRef = 1EBB646125F264E800D52104 /* miniEmojiPicker.swift */; };
		1ED5441825ED03CF00843218 /* miniCategoryView.swift in Sources */ = {isa = PBXBuildFile; fileRef = 1ED5441725ED03CF00843218 /* miniCategoryView.swift */; };
/* End PBXBuildFile section */

/* Begin PBXContainerItemProxy section */
		1EB52C4D25E01F130014DBCC /* PBXContainerItemProxy */ = {
			isa = PBXContainerItemProxy;
			containerPortal = 1E61D73925DDECC80047B1C8 /* Project object */;
			proxyType = 1;
			remoteGlobalIDString = 1EB52C4125E01F100014DBCC;
			remoteInfo = miniMeetingWidgetExtension;
		};
/* End PBXContainerItemProxy section */

/* Begin PBXCopyFilesBuildPhase section */
		1EB52C5025E01F130014DBCC /* Embed App Extensions */ = {
			isa = PBXCopyFilesBuildPhase;
			buildActionMask = 2147483647;
			dstPath = "";
			dstSubfolderSpec = 13;
			files = (
				1EB52C4F25E01F130014DBCC /* miniMeetingWidgetExtension.appex in Embed App Extensions */,
			);
			name = "Embed App Extensions";
			runOnlyForDeploymentPostprocessing = 0;
		};
/* End PBXCopyFilesBuildPhase section */

/* Begin PBXFileReference section */
		1E1172E125DE887C00CC0DCB /* miniCard.swift */ = {isa = PBXFileReference; lastKnownFileType = sourcecode.swift; path = miniCard.swift; sourceTree = "<group>"; };
		1E13BA7125ED9EB300D2F1B1 /* miniCardTest.swift */ = {isa = PBXFileReference; lastKnownFileType = sourcecode.swift; path = miniCardTest.swift; sourceTree = "<group>"; };
		1E13BA7525EDA5A700D2F1B1 /* miniCardTestTwo.swift */ = {isa = PBXFileReference; lastKnownFileType = sourcecode.swift; path = miniCardTestTwo.swift; sourceTree = "<group>"; };
		1E21BC0D25DE8E4A00170C9E /* GoogleService-Info.plist */ = {isa = PBXFileReference; fileEncoding = 4; lastKnownFileType = text.plist.xml; path = "GoogleService-Info.plist"; sourceTree = "<group>"; };
		1E44258B25E9C8C700102B88 /* miniEventDetailView.swift */ = {isa = PBXFileReference; lastKnownFileType = sourcecode.swift; path = miniEventDetailView.swift; sourceTree = "<group>"; };
		1E4AC7B725F18E3A002AB11A /* miniCategoryHeader.swift */ = {isa = PBXFileReference; lastKnownFileType = sourcecode.swift; path = miniCategoryHeader.swift; sourceTree = "<group>"; };
		1E61D74125DDECC80047B1C8 /* miniMeeting.app */ = {isa = PBXFileReference; explicitFileType = wrapper.application; includeInIndex = 0; path = miniMeeting.app; sourceTree = BUILT_PRODUCTS_DIR; };
		1E61D74425DDECC80047B1C8 /* miniMeetingApp.swift */ = {isa = PBXFileReference; lastKnownFileType = sourcecode.swift; path = miniMeetingApp.swift; sourceTree = "<group>"; };
		1E61D74625DDECC80047B1C8 /* ContentView.swift */ = {isa = PBXFileReference; lastKnownFileType = sourcecode.swift; path = ContentView.swift; sourceTree = "<group>"; };
		1E61D74825DDECC90047B1C8 /* Assets.xcassets */ = {isa = PBXFileReference; lastKnownFileType = folder.assetcatalog; path = Assets.xcassets; sourceTree = "<group>"; };
		1E61D74B25DDECC90047B1C8 /* Preview Assets.xcassets */ = {isa = PBXFileReference; lastKnownFileType = folder.assetcatalog; path = "Preview Assets.xcassets"; sourceTree = "<group>"; };
		1E61D74D25DDECC90047B1C8 /* Info.plist */ = {isa = PBXFileReference; lastKnownFileType = text.plist.xml; path = Info.plist; sourceTree = "<group>"; };
		1E61D75425DDED570047B1C8 /* Event.swift */ = {isa = PBXFileReference; lastKnownFileType = sourcecode.swift; path = Event.swift; sourceTree = "<group>"; };
		1E76C42A25E1976D00074FD4 /* miniColorPicker.swift */ = {isa = PBXFileReference; lastKnownFileType = sourcecode.swift; path = miniColorPicker.swift; sourceTree = "<group>"; };
		1E76C42E25E1D9D500074FD4 /* miniSettings.swift */ = {isa = PBXFileReference; lastKnownFileType = sourcecode.swift; path = miniSettings.swift; sourceTree = "<group>"; };
		1E7AEF1425F2B8E400698353 /* miniCategoryDetailView.swift */ = {isa = PBXFileReference; lastKnownFileType = sourcecode.swift; path = miniCategoryDetailView.swift; sourceTree = "<group>"; };
		1E860FCE25DEAEC1007A3A67 /* EventCellViewModel.swift */ = {isa = PBXFileReference; lastKnownFileType = sourcecode.swift; path = EventCellViewModel.swift; sourceTree = "<group>"; };
		1E860FD125DEC995007A3A67 /* EventListViewModel.swift */ = {isa = PBXFileReference; lastKnownFileType = sourcecode.swift; path = EventListViewModel.swift; sourceTree = "<group>"; };
		1E860FD825DED05E007A3A67 /* miniEventFormView.swift */ = {isa = PBXFileReference; lastKnownFileType = sourcecode.swift; path = miniEventFormView.swift; sourceTree = "<group>"; };
		1EA1C99725EA595400C2C0F2 /* Category.swift */ = {isa = PBXFileReference; lastKnownFileType = sourcecode.swift; path = Category.swift; sourceTree = "<group>"; };
		1EA1C99B25EA59BD00C2C0F2 /* CategoryRepository.swift */ = {isa = PBXFileReference; lastKnownFileType = sourcecode.swift; path = CategoryRepository.swift; sourceTree = "<group>"; };
		1EA1C99F25EA5B9C00C2C0F2 /* CategoryViewModel.swift */ = {isa = PBXFileReference; lastKnownFileType = sourcecode.swift; path = CategoryViewModel.swift; sourceTree = "<group>"; };
		1EA1C9A325EA5CB900C2C0F2 /* miniCategoryFormView.swift */ = {isa = PBXFileReference; lastKnownFileType = sourcecode.swift; path = miniCategoryFormView.swift; sourceTree = "<group>"; };
		1EB486E425DEE755003EE2D3 /* EventRepository.swift */ = {isa = PBXFileReference; lastKnownFileType = sourcecode.swift; path = EventRepository.swift; sourceTree = "<group>"; };
		1EB486E825DEEB5F003EE2D3 /* codableColor.swift */ = {isa = PBXFileReference; lastKnownFileType = sourcecode.swift; path = codableColor.swift; sourceTree = "<group>"; };
		1EB486EC25DFDC5F003EE2D3 /* miniSectionHeader.swift */ = {isa = PBXFileReference; lastKnownFileType = sourcecode.swift; path = miniSectionHeader.swift; sourceTree = "<group>"; };
		1EB486EF25DFEF21003EE2D3 /* NumberTextField.swift */ = {isa = PBXFileReference; lastKnownFileType = sourcecode.swift; path = NumberTextField.swift; sourceTree = "<group>"; };
		1EB52C4225E01F100014DBCC /* miniMeetingWidgetExtension.appex */ = {isa = PBXFileReference; explicitFileType = "wrapper.app-extension"; includeInIndex = 0; path = miniMeetingWidgetExtension.appex; sourceTree = BUILT_PRODUCTS_DIR; };
		1EB52C4325E01F100014DBCC /* WidgetKit.framework */ = {isa = PBXFileReference; lastKnownFileType = wrapper.framework; name = WidgetKit.framework; path = System/Library/Frameworks/WidgetKit.framework; sourceTree = SDKROOT; };
		1EB52C4525E01F100014DBCC /* SwiftUI.framework */ = {isa = PBXFileReference; lastKnownFileType = wrapper.framework; name = SwiftUI.framework; path = System/Library/Frameworks/SwiftUI.framework; sourceTree = SDKROOT; };
		1EB52C4825E01F100014DBCC /* miniMeetingWidget.swift */ = {isa = PBXFileReference; lastKnownFileType = sourcecode.swift; path = miniMeetingWidget.swift; sourceTree = "<group>"; };
		1EB52C4A25E01F130014DBCC /* Assets.xcassets */ = {isa = PBXFileReference; lastKnownFileType = folder.assetcatalog; path = Assets.xcassets; sourceTree = "<group>"; };
		1EB52C4C25E01F130014DBCC /* Info.plist */ = {isa = PBXFileReference; lastKnownFileType = text.plist.xml; path = Info.plist; sourceTree = "<group>"; };
		1EB52C5625E028770014DBCC /* miniMeetingGestures.playground */ = {isa = PBXFileReference; lastKnownFileType = file.playground; name = miniMeetingGestures.playground; path = ../../miniMeetingGestures.playground; sourceTree = "<group>"; xcLanguageSpecificationIdentifier = xcode.lang.swift; };
		1EBB645925F25F5200D52104 /* newContentView.swift */ = {isa = PBXFileReference; lastKnownFileType = sourcecode.swift; path = newContentView.swift; sourceTree = "<group>"; };
		1EBB646125F264E800D52104 /* miniEmojiPicker.swift */ = {isa = PBXFileReference; lastKnownFileType = sourcecode.swift; path = miniEmojiPicker.swift; sourceTree = "<group>"; };
		1ED5441725ED03CF00843218 /* miniCategoryView.swift */ = {isa = PBXFileReference; lastKnownFileType = sourcecode.swift; path = miniCategoryView.swift; sourceTree = "<group>"; };
		52B1F8F7CDDED46335A0575E /* Pods-miniMeeting.release.xcconfig */ = {isa = PBXFileReference; includeInIndex = 1; lastKnownFileType = text.xcconfig; name = "Pods-miniMeeting.release.xcconfig"; path = "Target Support Files/Pods-miniMeeting/Pods-miniMeeting.release.xcconfig"; sourceTree = "<group>"; };
		E5F565560582C0B834C9B3BC /* Pods-miniMeeting.debug.xcconfig */ = {isa = PBXFileReference; includeInIndex = 1; lastKnownFileType = text.xcconfig; name = "Pods-miniMeeting.debug.xcconfig"; path = "Target Support Files/Pods-miniMeeting/Pods-miniMeeting.debug.xcconfig"; sourceTree = "<group>"; };
		EF277A3147A6198906082625 /* Pods_miniMeeting.framework */ = {isa = PBXFileReference; explicitFileType = wrapper.framework; includeInIndex = 0; path = Pods_miniMeeting.framework; sourceTree = BUILT_PRODUCTS_DIR; };
/* End PBXFileReference section */

/* Begin PBXFrameworksBuildPhase section */
		1E61D73E25DDECC80047B1C8 /* Frameworks */ = {
			isa = PBXFrameworksBuildPhase;
			buildActionMask = 2147483647;
			files = (
				08FAC983A95CF27C08596B87 /* Pods_miniMeeting.framework in Frameworks */,
			);
			runOnlyForDeploymentPostprocessing = 0;
		};
		1EB52C3F25E01F100014DBCC /* Frameworks */ = {
			isa = PBXFrameworksBuildPhase;
			buildActionMask = 2147483647;
			files = (
				1EB52C4625E01F100014DBCC /* SwiftUI.framework in Frameworks */,
				1EB52C4425E01F100014DBCC /* WidgetKit.framework in Frameworks */,
			);
			runOnlyForDeploymentPostprocessing = 0;
		};
/* End PBXFrameworksBuildPhase section */

/* Begin PBXGroup section */
		0D2FA08829DCF9B0B8B72C81 /* Frameworks */ = {
			isa = PBXGroup;
			children = (
				EF277A3147A6198906082625 /* Pods_miniMeeting.framework */,
				1EB52C4325E01F100014DBCC /* WidgetKit.framework */,
				1EB52C4525E01F100014DBCC /* SwiftUI.framework */,
			);
			name = Frameworks;
			sourceTree = "<group>";
		};
		1E61D73825DDECC80047B1C8 = {
			isa = PBXGroup;
			children = (
				1E61D74325DDECC80047B1C8 /* miniMeeting */,
				1EB52C4725E01F100014DBCC /* miniMeetingWidget */,
				1E61D74225DDECC80047B1C8 /* Products */,
				C51CE9B9522CAF7B8941E47D /* Pods */,
				0D2FA08829DCF9B0B8B72C81 /* Frameworks */,
			);
			sourceTree = "<group>";
		};
		1E61D74225DDECC80047B1C8 /* Products */ = {
			isa = PBXGroup;
			children = (
				1E61D74125DDECC80047B1C8 /* miniMeeting.app */,
				1EB52C4225E01F100014DBCC /* miniMeetingWidgetExtension.appex */,
			);
			name = Products;
			sourceTree = "<group>";
		};
		1E61D74325DDECC80047B1C8 /* miniMeeting */ = {
			isa = PBXGroup;
			children = (
				1EB52C5625E028770014DBCC /* miniMeetingGestures.playground */,
				1EB486E725DEEB53003EE2D3 /* helpers */,
				1EB486E325DEE73C003EE2D3 /* Repositories */,
				1E61D74425DDECC80047B1C8 /* miniMeetingApp.swift */,
				1E860FCD25DEAEAB007A3A67 /* ViewModels */,
				1E61D74625DDECC80047B1C8 /* ContentView.swift */,
				1E13BA7125ED9EB300D2F1B1 /* miniCardTest.swift */,
				1E61D74825DDECC90047B1C8 /* Assets.xcassets */,
				1E61D74D25DDECC90047B1C8 /* Info.plist */,
				1E61D74A25DDECC90047B1C8 /* Preview Content */,
				1E860FC925DEACB5007A3A67 /* Model */,
				1E1172E125DE887C00CC0DCB /* miniCard.swift */,
				1E21BC0D25DE8E4A00170C9E /* GoogleService-Info.plist */,
				1EBB646125F264E800D52104 /* miniEmojiPicker.swift */,
				1EB486EC25DFDC5F003EE2D3 /* miniSectionHeader.swift */,
				1EB486EF25DFEF21003EE2D3 /* NumberTextField.swift */,
				1E76C42A25E1976D00074FD4 /* miniColorPicker.swift */,
				1E76C42E25E1D9D500074FD4 /* miniSettings.swift */,
				1E44258B25E9C8C700102B88 /* miniEventDetailView.swift */,
				1E860FD825DED05E007A3A67 /* miniEventFormView.swift */,
				1EA1C9A325EA5CB900C2C0F2 /* miniCategoryFormView.swift */,
				1ED5441725ED03CF00843218 /* miniCategoryView.swift */,
				1E13BA7525EDA5A700D2F1B1 /* miniCardTestTwo.swift */,
				1E4AC7B725F18E3A002AB11A /* miniCategoryHeader.swift */,
				1EBB645925F25F5200D52104 /* newContentView.swift */,
				1E7AEF1425F2B8E400698353 /* miniCategoryDetailView.swift */,
			);
			path = miniMeeting;
			sourceTree = "<group>";
		};
		1E61D74A25DDECC90047B1C8 /* Preview Content */ = {
			isa = PBXGroup;
			children = (
				1E61D74B25DDECC90047B1C8 /* Preview Assets.xcassets */,
			);
			path = "Preview Content";
			sourceTree = "<group>";
		};
		1E860FC925DEACB5007A3A67 /* Model */ = {
			isa = PBXGroup;
			children = (
				1E61D75425DDED570047B1C8 /* Event.swift */,
				1EA1C99725EA595400C2C0F2 /* Category.swift */,
			);
			path = Model;
			sourceTree = "<group>";
		};
		1E860FCD25DEAEAB007A3A67 /* ViewModels */ = {
			isa = PBXGroup;
			children = (
				1E860FCE25DEAEC1007A3A67 /* EventCellViewModel.swift */,
				1E860FD125DEC995007A3A67 /* EventListViewModel.swift */,
				1EA1C99F25EA5B9C00C2C0F2 /* CategoryViewModel.swift */,
			);
			path = ViewModels;
			sourceTree = "<group>";
		};
		1EB486E325DEE73C003EE2D3 /* Repositories */ = {
			isa = PBXGroup;
			children = (
				1EB486E425DEE755003EE2D3 /* EventRepository.swift */,
				1EA1C99B25EA59BD00C2C0F2 /* CategoryRepository.swift */,
			);
			path = Repositories;
			sourceTree = "<group>";
		};
		1EB486E725DEEB53003EE2D3 /* helpers */ = {
			isa = PBXGroup;
			children = (
				1EB486E825DEEB5F003EE2D3 /* codableColor.swift */,
			);
			path = helpers;
			sourceTree = "<group>";
		};
		1EB52C4725E01F100014DBCC /* miniMeetingWidget */ = {
			isa = PBXGroup;
			children = (
				1EB52C4825E01F100014DBCC /* miniMeetingWidget.swift */,
				1EB52C4A25E01F130014DBCC /* Assets.xcassets */,
				1EB52C4C25E01F130014DBCC /* Info.plist */,
			);
			path = miniMeetingWidget;
			sourceTree = "<group>";
		};
		C51CE9B9522CAF7B8941E47D /* Pods */ = {
			isa = PBXGroup;
			children = (
				E5F565560582C0B834C9B3BC /* Pods-miniMeeting.debug.xcconfig */,
				52B1F8F7CDDED46335A0575E /* Pods-miniMeeting.release.xcconfig */,
			);
			path = Pods;
			sourceTree = "<group>";
		};
/* End PBXGroup section */

/* Begin PBXNativeTarget section */
		1E61D74025DDECC80047B1C8 /* miniMeeting */ = {
			isa = PBXNativeTarget;
			buildConfigurationList = 1E61D75025DDECC90047B1C8 /* Build configuration list for PBXNativeTarget "miniMeeting" */;
			buildPhases = (
				A955981438BCD2A7EDD3F240 /* [CP] Check Pods Manifest.lock */,
				1E61D73D25DDECC80047B1C8 /* Sources */,
				1E61D73E25DDECC80047B1C8 /* Frameworks */,
				1E61D73F25DDECC80047B1C8 /* Resources */,
				0B6756233465CD3B1C3C1A13 /* [CP] Embed Pods Frameworks */,
				1EB52C5025E01F130014DBCC /* Embed App Extensions */,
			);
			buildRules = (
			);
			dependencies = (
				1EB52C4E25E01F130014DBCC /* PBXTargetDependency */,
			);
			name = miniMeeting;
			productName = miniMeeting;
			productReference = 1E61D74125DDECC80047B1C8 /* miniMeeting.app */;
			productType = "com.apple.product-type.application";
		};
		1EB52C4125E01F100014DBCC /* miniMeetingWidgetExtension */ = {
			isa = PBXNativeTarget;
			buildConfigurationList = 1EB52C5325E01F130014DBCC /* Build configuration list for PBXNativeTarget "miniMeetingWidgetExtension" */;
			buildPhases = (
				1EB52C3E25E01F100014DBCC /* Sources */,
				1EB52C3F25E01F100014DBCC /* Frameworks */,
				1EB52C4025E01F100014DBCC /* Resources */,
			);
			buildRules = (
			);
			dependencies = (
			);
			name = miniMeetingWidgetExtension;
			productName = miniMeetingWidgetExtension;
			productReference = 1EB52C4225E01F100014DBCC /* miniMeetingWidgetExtension.appex */;
			productType = "com.apple.product-type.app-extension";
		};
/* End PBXNativeTarget section */

/* Begin PBXProject section */
		1E61D73925DDECC80047B1C8 /* Project object */ = {
			isa = PBXProject;
			attributes = {
				LastSwiftUpdateCheck = 1240;
				LastUpgradeCheck = 1240;
				TargetAttributes = {
					1E61D74025DDECC80047B1C8 = {
						CreatedOnToolsVersion = 12.4;
					};
					1EB52C4125E01F100014DBCC = {
						CreatedOnToolsVersion = 12.4;
					};
				};
			};
			buildConfigurationList = 1E61D73C25DDECC80047B1C8 /* Build configuration list for PBXProject "miniMeeting" */;
			compatibilityVersion = "Xcode 9.3";
			developmentRegion = en;
			hasScannedForEncodings = 0;
			knownRegions = (
				en,
				Base,
			);
			mainGroup = 1E61D73825DDECC80047B1C8;
			productRefGroup = 1E61D74225DDECC80047B1C8 /* Products */;
			projectDirPath = "";
			projectRoot = "";
			targets = (
				1E61D74025DDECC80047B1C8 /* miniMeeting */,
				1EB52C4125E01F100014DBCC /* miniMeetingWidgetExtension */,
			);
		};
/* End PBXProject section */

/* Begin PBXResourcesBuildPhase section */
		1E61D73F25DDECC80047B1C8 /* Resources */ = {
			isa = PBXResourcesBuildPhase;
			buildActionMask = 2147483647;
			files = (
				1E61D74C25DDECC90047B1C8 /* Preview Assets.xcassets in Resources */,
				1E61D74925DDECC90047B1C8 /* Assets.xcassets in Resources */,
				1E21BC0E25DE8E4A00170C9E /* GoogleService-Info.plist in Resources */,
			);
			runOnlyForDeploymentPostprocessing = 0;
		};
		1EB52C4025E01F100014DBCC /* Resources */ = {
			isa = PBXResourcesBuildPhase;
			buildActionMask = 2147483647;
			files = (
				1EB52C4B25E01F130014DBCC /* Assets.xcassets in Resources */,
			);
			runOnlyForDeploymentPostprocessing = 0;
		};
/* End PBXResourcesBuildPhase section */

/* Begin PBXShellScriptBuildPhase section */
		0B6756233465CD3B1C3C1A13 /* [CP] Embed Pods Frameworks */ = {
			isa = PBXShellScriptBuildPhase;
			buildActionMask = 2147483647;
			files = (
			);
			inputFileListPaths = (
				"${PODS_ROOT}/Target Support Files/Pods-miniMeeting/Pods-miniMeeting-frameworks-${CONFIGURATION}-input-files.xcfilelist",
			);
			name = "[CP] Embed Pods Frameworks";
			outputFileListPaths = (
				"${PODS_ROOT}/Target Support Files/Pods-miniMeeting/Pods-miniMeeting-frameworks-${CONFIGURATION}-output-files.xcfilelist",
			);
			runOnlyForDeploymentPostprocessing = 0;
			shellPath = /bin/sh;
			shellScript = "\"${PODS_ROOT}/Target Support Files/Pods-miniMeeting/Pods-miniMeeting-frameworks.sh\"\n";
			showEnvVarsInLog = 0;
		};
		A955981438BCD2A7EDD3F240 /* [CP] Check Pods Manifest.lock */ = {
			isa = PBXShellScriptBuildPhase;
			buildActionMask = 2147483647;
			files = (
			);
			inputFileListPaths = (
			);
			inputPaths = (
				"${PODS_PODFILE_DIR_PATH}/Podfile.lock",
				"${PODS_ROOT}/Manifest.lock",
			);
			name = "[CP] Check Pods Manifest.lock";
			outputFileListPaths = (
			);
			outputPaths = (
				"$(DERIVED_FILE_DIR)/Pods-miniMeeting-checkManifestLockResult.txt",
			);
			runOnlyForDeploymentPostprocessing = 0;
			shellPath = /bin/sh;
			shellScript = "diff \"${PODS_PODFILE_DIR_PATH}/Podfile.lock\" \"${PODS_ROOT}/Manifest.lock\" > /dev/null\nif [ $? != 0 ] ; then\n    # print error to STDERR\n    echo \"error: The sandbox is not in sync with the Podfile.lock. Run 'pod install' or update your CocoaPods installation.\" >&2\n    exit 1\nfi\n# This output is used by Xcode 'outputs' to avoid re-running this script phase.\necho \"SUCCESS\" > \"${SCRIPT_OUTPUT_FILE_0}\"\n";
			showEnvVarsInLog = 0;
		};
/* End PBXShellScriptBuildPhase section */

/* Begin PBXSourcesBuildPhase section */
		1E61D73D25DDECC80047B1C8 /* Sources */ = {
			isa = PBXSourcesBuildPhase;
			buildActionMask = 2147483647;
			files = (
				1E13BA7225ED9EB300D2F1B1 /* miniCardTest.swift in Sources */,
				1E860FCF25DEAEC1007A3A67 /* EventCellViewModel.swift in Sources */,
				1E13BA7625EDA5A700D2F1B1 /* miniCardTestTwo.swift in Sources */,
				1ED5441825ED03CF00843218 /* miniCategoryView.swift in Sources */,
				1EBB645A25F25F5200D52104 /* newContentView.swift in Sources */,
				1EA1C99C25EA59BD00C2C0F2 /* CategoryRepository.swift in Sources */,
				1E1172E225DE887C00CC0DCB /* miniCard.swift in Sources */,
				1EB486F025DFEF21003EE2D3 /* NumberTextField.swift in Sources */,
				1EB486E925DEEB5F003EE2D3 /* codableColor.swift in Sources */,
				1EB486ED25DFDC5F003EE2D3 /* miniSectionHeader.swift in Sources */,
				1EB486E525DEE755003EE2D3 /* EventRepository.swift in Sources */,
				1E76C42B25E1976D00074FD4 /* miniColorPicker.swift in Sources */,
				1E61D74725DDECC80047B1C8 /* ContentView.swift in Sources */,
				1EA1C9A025EA5B9C00C2C0F2 /* CategoryViewModel.swift in Sources */,
				1E860FD925DED05E007A3A67 /* miniEventFormView.swift in Sources */,
				1E860FD225DEC995007A3A67 /* EventListViewModel.swift in Sources */,
				1E61D74525DDECC80047B1C8 /* miniMeetingApp.swift in Sources */,
				1E7AEF1525F2B8E400698353 /* miniCategoryDetailView.swift in Sources */,
				1EA1C99825EA595400C2C0F2 /* Category.swift in Sources */,
				1E4AC7B825F18E3A002AB11A /* miniCategoryHeader.swift in Sources */,
				1E44258C25E9C8C700102B88 /* miniEventDetailView.swift in Sources */,
				1EA1C9A425EA5CB900C2C0F2 /* miniCategoryFormView.swift in Sources */,
				1E61D75525DDED570047B1C8 /* Event.swift in Sources */,
				1E76C42F25E1D9D500074FD4 /* miniSettings.swift in Sources */,
				1EBB646225F264E800D52104 /* miniEmojiPicker.swift in Sources */,
			);
			runOnlyForDeploymentPostprocessing = 0;
		};
		1EB52C3E25E01F100014DBCC /* Sources */ = {
			isa = PBXSourcesBuildPhase;
			buildActionMask = 2147483647;
			files = (
				1EB52C4925E01F100014DBCC /* miniMeetingWidget.swift in Sources */,
			);
			runOnlyForDeploymentPostprocessing = 0;
		};
/* End PBXSourcesBuildPhase section */

/* Begin PBXTargetDependency section */
		1EB52C4E25E01F130014DBCC /* PBXTargetDependency */ = {
			isa = PBXTargetDependency;
			target = 1EB52C4125E01F100014DBCC /* miniMeetingWidgetExtension */;
			targetProxy = 1EB52C4D25E01F130014DBCC /* PBXContainerItemProxy */;
		};
/* End PBXTargetDependency section */

/* Begin XCBuildConfiguration section */
		1E61D74E25DDECC90047B1C8 /* Debug */ = {
			isa = XCBuildConfiguration;
			buildSettings = {
				ALWAYS_SEARCH_USER_PATHS = NO;
				CLANG_ANALYZER_NONNULL = YES;
				CLANG_ANALYZER_NUMBER_OBJECT_CONVERSION = YES_AGGRESSIVE;
				CLANG_CXX_LANGUAGE_STANDARD = "gnu++14";
				CLANG_CXX_LIBRARY = "libc++";
				CLANG_ENABLE_MODULES = YES;
				CLANG_ENABLE_OBJC_ARC = YES;
				CLANG_ENABLE_OBJC_WEAK = YES;
				CLANG_WARN_BLOCK_CAPTURE_AUTORELEASING = YES;
				CLANG_WARN_BOOL_CONVERSION = YES;
				CLANG_WARN_COMMA = YES;
				CLANG_WARN_CONSTANT_CONVERSION = YES;
				CLANG_WARN_DEPRECATED_OBJC_IMPLEMENTATIONS = YES;
				CLANG_WARN_DIRECT_OBJC_ISA_USAGE = YES_ERROR;
				CLANG_WARN_DOCUMENTATION_COMMENTS = YES;
				CLANG_WARN_EMPTY_BODY = YES;
				CLANG_WARN_ENUM_CONVERSION = YES;
				CLANG_WARN_INFINITE_RECURSION = YES;
				CLANG_WARN_INT_CONVERSION = YES;
				CLANG_WARN_NON_LITERAL_NULL_CONVERSION = YES;
				CLANG_WARN_OBJC_IMPLICIT_RETAIN_SELF = YES;
				CLANG_WARN_OBJC_LITERAL_CONVERSION = YES;
				CLANG_WARN_OBJC_ROOT_CLASS = YES_ERROR;
				CLANG_WARN_QUOTED_INCLUDE_IN_FRAMEWORK_HEADER = YES;
				CLANG_WARN_RANGE_LOOP_ANALYSIS = YES;
				CLANG_WARN_STRICT_PROTOTYPES = YES;
				CLANG_WARN_SUSPICIOUS_MOVE = YES;
				CLANG_WARN_UNGUARDED_AVAILABILITY = YES_AGGRESSIVE;
				CLANG_WARN_UNREACHABLE_CODE = YES;
				CLANG_WARN__DUPLICATE_METHOD_MATCH = YES;
				COPY_PHASE_STRIP = NO;
				DEBUG_INFORMATION_FORMAT = dwarf;
				ENABLE_STRICT_OBJC_MSGSEND = YES;
				ENABLE_TESTABILITY = YES;
				GCC_C_LANGUAGE_STANDARD = gnu11;
				GCC_DYNAMIC_NO_PIC = NO;
				GCC_NO_COMMON_BLOCKS = YES;
				GCC_OPTIMIZATION_LEVEL = 0;
				GCC_PREPROCESSOR_DEFINITIONS = (
					"DEBUG=1",
					"$(inherited)",
				);
				GCC_WARN_64_TO_32_BIT_CONVERSION = YES;
				GCC_WARN_ABOUT_RETURN_TYPE = YES_ERROR;
				GCC_WARN_UNDECLARED_SELECTOR = YES;
				GCC_WARN_UNINITIALIZED_AUTOS = YES_AGGRESSIVE;
				GCC_WARN_UNUSED_FUNCTION = YES;
				GCC_WARN_UNUSED_VARIABLE = YES;
				IPHONEOS_DEPLOYMENT_TARGET = 14.4;
				MTL_ENABLE_DEBUG_INFO = INCLUDE_SOURCE;
				MTL_FAST_MATH = YES;
				ONLY_ACTIVE_ARCH = YES;
				SDKROOT = iphoneos;
				SWIFT_ACTIVE_COMPILATION_CONDITIONS = DEBUG;
				SWIFT_OPTIMIZATION_LEVEL = "-Onone";
			};
			name = Debug;
		};
		1E61D74F25DDECC90047B1C8 /* Release */ = {
			isa = XCBuildConfiguration;
			buildSettings = {
				ALWAYS_SEARCH_USER_PATHS = NO;
				CLANG_ANALYZER_NONNULL = YES;
				CLANG_ANALYZER_NUMBER_OBJECT_CONVERSION = YES_AGGRESSIVE;
				CLANG_CXX_LANGUAGE_STANDARD = "gnu++14";
				CLANG_CXX_LIBRARY = "libc++";
				CLANG_ENABLE_MODULES = YES;
				CLANG_ENABLE_OBJC_ARC = YES;
				CLANG_ENABLE_OBJC_WEAK = YES;
				CLANG_WARN_BLOCK_CAPTURE_AUTORELEASING = YES;
				CLANG_WARN_BOOL_CONVERSION = YES;
				CLANG_WARN_COMMA = YES;
				CLANG_WARN_CONSTANT_CONVERSION = YES;
				CLANG_WARN_DEPRECATED_OBJC_IMPLEMENTATIONS = YES;
				CLANG_WARN_DIRECT_OBJC_ISA_USAGE = YES_ERROR;
				CLANG_WARN_DOCUMENTATION_COMMENTS = YES;
				CLANG_WARN_EMPTY_BODY = YES;
				CLANG_WARN_ENUM_CONVERSION = YES;
				CLANG_WARN_INFINITE_RECURSION = YES;
				CLANG_WARN_INT_CONVERSION = YES;
				CLANG_WARN_NON_LITERAL_NULL_CONVERSION = YES;
				CLANG_WARN_OBJC_IMPLICIT_RETAIN_SELF = YES;
				CLANG_WARN_OBJC_LITERAL_CONVERSION = YES;
				CLANG_WARN_OBJC_ROOT_CLASS = YES_ERROR;
				CLANG_WARN_QUOTED_INCLUDE_IN_FRAMEWORK_HEADER = YES;
				CLANG_WARN_RANGE_LOOP_ANALYSIS = YES;
				CLANG_WARN_STRICT_PROTOTYPES = YES;
				CLANG_WARN_SUSPICIOUS_MOVE = YES;
				CLANG_WARN_UNGUARDED_AVAILABILITY = YES_AGGRESSIVE;
				CLANG_WARN_UNREACHABLE_CODE = YES;
				CLANG_WARN__DUPLICATE_METHOD_MATCH = YES;
				COPY_PHASE_STRIP = NO;
				DEBUG_INFORMATION_FORMAT = "dwarf-with-dsym";
				ENABLE_NS_ASSERTIONS = NO;
				ENABLE_STRICT_OBJC_MSGSEND = YES;
				GCC_C_LANGUAGE_STANDARD = gnu11;
				GCC_NO_COMMON_BLOCKS = YES;
				GCC_WARN_64_TO_32_BIT_CONVERSION = YES;
				GCC_WARN_ABOUT_RETURN_TYPE = YES_ERROR;
				GCC_WARN_UNDECLARED_SELECTOR = YES;
				GCC_WARN_UNINITIALIZED_AUTOS = YES_AGGRESSIVE;
				GCC_WARN_UNUSED_FUNCTION = YES;
				GCC_WARN_UNUSED_VARIABLE = YES;
				IPHONEOS_DEPLOYMENT_TARGET = 14.4;
				MTL_ENABLE_DEBUG_INFO = NO;
				MTL_FAST_MATH = YES;
				SDKROOT = iphoneos;
				SWIFT_COMPILATION_MODE = wholemodule;
				SWIFT_OPTIMIZATION_LEVEL = "-O";
				VALIDATE_PRODUCT = YES;
			};
			name = Release;
		};
		1E61D75125DDECC90047B1C8 /* Debug */ = {
			isa = XCBuildConfiguration;
			baseConfigurationReference = E5F565560582C0B834C9B3BC /* Pods-miniMeeting.debug.xcconfig */;
			buildSettings = {
				ALWAYS_EMBED_SWIFT_STANDARD_LIBRARIES = YES;
				ASSETCATALOG_COMPILER_APPICON_NAME = AppIcon;
				ASSETCATALOG_COMPILER_GLOBAL_ACCENT_COLOR_NAME = AccentColor;
				CODE_SIGN_STYLE = Automatic;
				DEVELOPMENT_ASSET_PATHS = "\"miniMeeting/Preview Content\"";
				DEVELOPMENT_TEAM = J85899W596;
				ENABLE_PREVIEWS = YES;
				INFOPLIST_FILE = miniMeeting/Info.plist;
				IPHONEOS_DEPLOYMENT_TARGET = 14.0;
				LD_RUNPATH_SEARCH_PATHS = (
					"$(inherited)",
					"@executable_path/Frameworks",
				);
				PRODUCT_BUNDLE_IDENTIFIER = marrf.miniMeeting;
				PRODUCT_NAME = "$(TARGET_NAME)";
				SWIFT_VERSION = 5.0;
				TARGETED_DEVICE_FAMILY = "1,2";
			};
			name = Debug;
		};
		1E61D75225DDECC90047B1C8 /* Release */ = {
			isa = XCBuildConfiguration;
			baseConfigurationReference = 52B1F8F7CDDED46335A0575E /* Pods-miniMeeting.release.xcconfig */;
			buildSettings = {
				ALWAYS_EMBED_SWIFT_STANDARD_LIBRARIES = YES;
				ASSETCATALOG_COMPILER_APPICON_NAME = AppIcon;
				ASSETCATALOG_COMPILER_GLOBAL_ACCENT_COLOR_NAME = AccentColor;
				CODE_SIGN_STYLE = Automatic;
				DEVELOPMENT_ASSET_PATHS = "\"miniMeeting/Preview Content\"";
				DEVELOPMENT_TEAM = J85899W596;
				ENABLE_PREVIEWS = YES;
				INFOPLIST_FILE = miniMeeting/Info.plist;
				IPHONEOS_DEPLOYMENT_TARGET = 14.0;
				LD_RUNPATH_SEARCH_PATHS = (
					"$(inherited)",
					"@executable_path/Frameworks",
				);
				PRODUCT_BUNDLE_IDENTIFIER = marrf.miniMeeting;
				PRODUCT_NAME = "$(TARGET_NAME)";
				SWIFT_VERSION = 5.0;
				TARGETED_DEVICE_FAMILY = "1,2";
			};
			name = Release;
		};
		1EB52C5125E01F130014DBCC /* Debug */ = {
			isa = XCBuildConfiguration;
			buildSettings = {
				ASSETCATALOG_COMPILER_GLOBAL_ACCENT_COLOR_NAME = AccentColor;
				ASSETCATALOG_COMPILER_WIDGET_BACKGROUND_COLOR_NAME = WidgetBackground;
				CODE_SIGN_STYLE = Automatic;
				DEVELOPMENT_TEAM = J85899W596;
				INFOPLIST_FILE = miniMeetingWidget/Info.plist;
				LD_RUNPATH_SEARCH_PATHS = (
					"$(inherited)",
					"@executable_path/Frameworks",
					"@executable_path/../../Frameworks",
				);
				PRODUCT_BUNDLE_IDENTIFIER = marrf.miniMeeting.miniMeetingWidget;
				PRODUCT_NAME = "$(TARGET_NAME)";
				SKIP_INSTALL = YES;
				SWIFT_VERSION = 5.0;
				TARGETED_DEVICE_FAMILY = "1,2";
			};
			name = Debug;
		};
		1EB52C5225E01F130014DBCC /* Release */ = {
			isa = XCBuildConfiguration;
			buildSettings = {
				ASSETCATALOG_COMPILER_GLOBAL_ACCENT_COLOR_NAME = AccentColor;
				ASSETCATALOG_COMPILER_WIDGET_BACKGROUND_COLOR_NAME = WidgetBackground;
				CODE_SIGN_STYLE = Automatic;
				DEVELOPMENT_TEAM = J85899W596;
				INFOPLIST_FILE = miniMeetingWidget/Info.plist;
				LD_RUNPATH_SEARCH_PATHS = (
					"$(inherited)",
					"@executable_path/Frameworks",
					"@executable_path/../../Frameworks",
				);
				PRODUCT_BUNDLE_IDENTIFIER = marrf.miniMeeting.miniMeetingWidget;
				PRODUCT_NAME = "$(TARGET_NAME)";
				SKIP_INSTALL = YES;
				SWIFT_VERSION = 5.0;
				TARGETED_DEVICE_FAMILY = "1,2";
			};
			name = Release;
		};
/* End XCBuildConfiguration section */

/* Begin XCConfigurationList section */
		1E61D73C25DDECC80047B1C8 /* Build configuration list for PBXProject "miniMeeting" */ = {
			isa = XCConfigurationList;
			buildConfigurations = (
				1E61D74E25DDECC90047B1C8 /* Debug */,
				1E61D74F25DDECC90047B1C8 /* Release */,
			);
			defaultConfigurationIsVisible = 0;
			defaultConfigurationName = Release;
		};
		1E61D75025DDECC90047B1C8 /* Build configuration list for PBXNativeTarget "miniMeeting" */ = {
			isa = XCConfigurationList;
			buildConfigurations = (
				1E61D75125DDECC90047B1C8 /* Debug */,
				1E61D75225DDECC90047B1C8 /* Release */,
			);
			defaultConfigurationIsVisible = 0;
			defaultConfigurationName = Release;
		};
		1EB52C5325E01F130014DBCC /* Build configuration list for PBXNativeTarget "miniMeetingWidgetExtension" */ = {
			isa = XCConfigurationList;
			buildConfigurations = (
				1EB52C5125E01F130014DBCC /* Debug */,
				1EB52C5225E01F130014DBCC /* Release */,
			);
			defaultConfigurationIsVisible = 0;
			defaultConfigurationName = Release;
		};
/* End XCConfigurationList section */
	};
	rootObject = 1E61D73925DDECC80047B1C8 /* Project object */;
}
